{
  "nodes": {
    "cosmic-comp": {
      "inputs": {
        "crane": "crane",
        "nix-filter": "nix-filter",
        "nixpkgs": [
          "nixpkgs-unstable"
        ],
        "parts": "parts",
        "rust": "rust"
      },
      "locked": {
        "lastModified": 1772986820,
        "narHash": "sha256-EAplS9Vfh6m7VbghNIHrQKwCVHBpp+Muj5/YLnuwepw=",
        "owner": "sincorchetes",
        "repo": "cosmic-comp",
        "rev": "99b8fd089a32359d57f7053e5741d53244715b35",
        "type": "github"
      },
      "original": {
        "owner": "sincorchetes",
        "ref": "master",
        "repo": "cosmic-comp",
        "type": "github"
      }
    },
    "crane": {
      "locked": {
        "lastModified": 1772560058,
        "narHash": "sha256-NuVKdMBJldwUXgghYpzIWJdfeB7ccsu1CC7B+NfSoZ8=",
        "owner": "ipetkov",
        "repo": "crane",
        "rev": "db590d9286ed5ce22017541e36132eab4e8b3045",
        "type": "github"
      },
      "original": {
        "owner": "ipetkov",
        "repo": "crane",
        "type": "github"
      }
    },
    "disko": {
      "inputs": {
        "nixpkgs": [
          "nixpkgs"
        ]
      },
      "locked": {
        "lastModified": 1773025010,
        "narHash": "sha256-khlHllTsovXgT2GZ0WxT4+RvuMjNeR5OW0UYeEHPYQo=",
        "owner": "nix-community",
        "repo": "disko",
        "rev": "7b9f7f88ab3b339f8142dc246445abb3c370d3d3",
        "type": "github"
      },
      "original": {
        "owner": "nix-community",
        "repo": "disko",
        "type": "github"
      }
    },
    "home-manager": {
      "inputs": {
        "nixpkgs": [
          "nixpkgs"
        ]
      },
      "locked": {
        "lastModified": 1772985280,
        "narHash": "sha256-FdrNykOoY9VStevU4zjSUdvsL9SzJTcXt4omdEDZDLk=",
        "owner": "nix-community",
        "repo": "home-manager",
        "rev": "8f736f007139d7f70752657dff6a401a585d6cbc",
        "type": "github"
      },
      "original": {
        "owner": "nix-community",
        "ref": "release-25.11",
        "repo": "home-manager",
        "type": "github"
      }
    },
    "nix-filter": {
      "locked": {
        "lastModified": 1757882181,
        "narHash": "sha256-+cCxYIh2UNalTz364p+QYmWHs0P+6wDhiWR4jDIKQIU=",
        "owner": "numtide",
        "repo": "nix-filter",
        "rev": "59c44d1909c72441144b93cf0f054be7fe764de5",
        "type": "github"
      },
      "original": {
        "owner": "numtide",
        "repo": "nix-filter",
        "type": "github"
      }
    },
    "nixpkgs": {
      "locked": {
        "lastModified": 1772822230,
        "narHash": "sha256-yf3iYLGbGVlIthlQIk5/4/EQDZNNEmuqKZkQssMljuw=",
        "owner": "NixOS",
        "repo": "nixpkgs",
        "rev": "71caefce12ba78d84fe618cf61644dce01cf3a96",
        "type": "github"
      },
      "original": {
        "owner": "NixOS",
        "ref": "nixos-25.11",
        "repo": "nixpkgs",
        "type": "github"
      }
    },
    "nixpkgs-gcloud-fix": {
      "locked": {
        "lastModified": 1772619840,
        "narHash": "sha256-EGvYAVOiP75zLvtrQPX9PmBuETP4VTuPqFRJI7Lg7eI=",
        "owner": "NixOS",
        "repo": "nixpkgs",
        "rev": "667cd1065ddfcacd605d2b268db7ad036b9eb0c7",
        "type": "github"
      },
      "original": {
        "owner": "NixOS",
        "ref": "pull/496533/head",
        "repo": "nixpkgs",
        "type": "github"
      }
    },
    "nixpkgs-gemini-cli-fix": {
      "locked": {
        "lastModified": 1771933036,
        "narHash": "sha256-MunLj/qI6MODnD4qaESMC7hfADRAptjQ+siyzcwimqU=",
        "owner": "NixOS",
        "repo": "nixpkgs",
        "rev": "0b0a1224fae5d14c26eefe8280d1356e30bf7719",
        "type": "github"
      },
      "original": {
        "owner": "NixOS",
        "ref": "pull/493629/head",
        "repo": "nixpkgs",
        "type": "github"
      }
    },
    "nixpkgs-unstable": {
      "locked": {
        "lastModified": 1772963539,
        "narHash": "sha256-9jVDGZnvCckTGdYT53d/EfznygLskyLQXYwJLKMPsZs=",
        "owner": "NixOS",
        "repo": "nixpkgs",
        "rev": "9dcb002ca1690658be4a04645215baea8b95f31d",
        "type": "github"
      },
      "original": {
        "owner": "NixOS",
        "ref": "nixos-unstable",
        "repo": "nixpkgs",
        "type": "github"
      }
    },
    "parts": {
      "inputs": {
        "nixpkgs-lib": [
          "cosmic-comp",
          "nixpkgs"
        ]
      },
      "locked": {
        "lastModified": 1772408722,
        "narHash": "sha256-rHuJtdcOjK7rAHpHphUb1iCvgkU3GpfvicLMwwnfMT0=",
        "owner": "hercules-ci",
        "repo": "flake-parts",
        "rev": "f20dc5d9b8027381c474144ecabc9034d6a839a3",
        "type": "github"
      },
      "original": {
        "owner": "hercules-ci",
        "repo": "flake-parts",
        "type": "github"
      }
    },
    "root": {
      "inputs": {
        "cosmic-comp": "cosmic-comp",
        "disko": "disko",
        "home-manager": "home-manager",
        "nixpkgs": "nixpkgs",
        "nixpkgs-gcloud-fix": "nixpkgs-gcloud-fix",
        "nixpkgs-gemini-cli-fix": "nixpkgs-gemini-cli-fix",
        "nixpkgs-unstable": "nixpkgs-unstable",
        "xdg-desktop-portal-cosmic-src": "xdg-desktop-portal-cosmic-src"
      }
    },
    "rust": {
      "inputs": {
        "nixpkgs": [
          "cosmic-comp",
          "nixpkgs"
        ]
      },
      "locked": {
        "lastModified": 1772852295,
        "narHash": "sha256-3FB/WzLZSiU2Mc50C9q9VXU1LRUZbsU6UHKmZG1C+hU=",
        "owner": "oxalica",
        "repo": "rust-overlay",
        "rev": "c10801f59c68e14c308aea8fa6b0b3d81d43c61e",
        "type": "github"
      },
      "original": {
        "owner": "oxalica",
        "repo": "rust-overlay",
        "type": "github"
      }
    },
    "xdg-desktop-portal-cosmic-src": {
      "flake": false,
      "locked": {
        "lastModified": 1772944560,
        "narHash": "sha256-UVzK2CDMZOt6L9prZIJDAPhiySz2K7CtSW9ap+cCTCo=",
        "owner": "sincorchetes",
        "repo": "xdg-desktop-portal-cosmic",
        "rev": "383099aefe173e2608284146c1c12dcde18c9efd",
        "type": "github"
      },
      "original": {
        "owner": "sincorchetes",
        "ref": "fix/screenshot-output-race",
        "repo": "xdg-desktop-portal-cosmic",
        "type": "github"
      }
    }
  },
  "root": "root",
  "version": 7
}
