{
  "nodes": {
    "disko": {
      "inputs": {
        "nixpkgs": [
          "nixpkgs"
        ]
      },
      "locked": {
        "lastModified": 1773506317,
        "narHash": "sha256-qWKbLUJpavIpvOdX1fhHYm0WGerytFHRoh9lVck6Bh0=",
        "owner": "nix-community",
        "repo": "disko",
        "rev": "878ec37d6a8f52c6c801d0e2a2ad554c75b9353c",
        "type": "github"
      },
      "original": {
        "owner": "nix-community",
        "repo": "disko",
        "type": "github"
      }
    },
    "home-manager": {
      "inputs": {
        "nixpkgs": [
          "nixpkgs"
        ]
      },
      "locked": {
        "lastModified": 1773607598,
        "narHash": "sha256-nPV/IE0NwQjYcXkEGOmCIEsX9i8HFMeq2RupYzfVdiI=",
        "owner": "nix-community",
        "repo": "home-manager",
        "rev": "1f8f9e001235652cf54f9c1f7983f9c0e920944a",
        "type": "github"
      },
      "original": {
        "owner": "nix-community",
        "ref": "release-25.11",
        "repo": "home-manager",
        "type": "github"
      }
    },
    "nixpkgs": {
      "locked": {
        "lastModified": 1773524153,
        "narHash": "sha256-Jms57zzlFf64ayKzzBWSE2SGvJmK+NGt8Gli71d9kmY=",
        "owner": "NixOS",
        "repo": "nixpkgs",
        "rev": "e9f278faa1d0c2fc835bd331d4666b59b505a410",
        "type": "github"
      },
      "original": {
        "owner": "NixOS",
        "ref": "nixos-25.11",
        "repo": "nixpkgs",
        "type": "github"
      }
    },
    "nixpkgs-gcloud-fix": {
      "locked": {
        "lastModified": 1772619840,
        "narHash": "sha256-EGvYAVOiP75zLvtrQPX9PmBuETP4VTuPqFRJI7Lg7eI=",
        "owner": "NixOS",
        "repo": "nixpkgs",
        "rev": "667cd1065ddfcacd605d2b268db7ad036b9eb0c7",
        "type": "github"
      },
      "original": {
        "owner": "NixOS",
        "ref": "pull/496533/head",
        "repo": "nixpkgs",
        "type": "github"
      }
    },
    "nixpkgs-unstable": {
      "locked": {
        "lastModified": 1773520392,
        "narHash": "sha256-Ra3l8zI7AYwaCxXcU4An8jAC1hhz/TEleXboJhWaBwY=",
        "owner": "NixOS",
        "repo": "nixpkgs",
        "rev": "f59e980846fe86cd831899cd032fdbd1d6054086",
        "type": "github"
      },
      "original": {
        "owner": "NixOS",
        "ref": "nixos-unstable",
        "repo": "nixpkgs",
        "type": "github"
      }
    },
    "root": {
      "inputs": {
        "disko": "disko",
        "home-manager": "home-manager",
        "nixpkgs": "nixpkgs",
        "nixpkgs-gcloud-fix": "nixpkgs-gcloud-fix",
        "nixpkgs-unstable": "nixpkgs-unstable"
      }
    }
  },
  "root": "root",
  "version": 7
}
